// !$*UTF8*$!
{
	archiveVersion = 1;
	classes = {
	};
	objectVersion = 50;
	objects = {

/* Begin PBXBuildFile section */
		13AFE8E6263CDF5400BA30DD /* AppDelegate.swift in Sources */ = {isa = PBXBuildFile; fileRef = 13AFE8E5263CDF5400BA30DD /* AppDelegate.swift */; };
		13AFE8E8263CDF5400BA30DD /* SceneDelegate.swift in Sources */ = {isa = PBXBuildFile; fileRef = 13AFE8E7263CDF5400BA30DD /* SceneDelegate.swift */; };
		13AFE8EA263CDF5400BA30DD /* ContentView.swift in Sources */ = {isa = PBXBuildFile; fileRef = 13AFE8E9263CDF5400BA30DD /* ContentView.swift */; };
		13AFE8ED263CDF5400BA30DD /* OnePice.xcdatamodeld in Sources */ = {isa = PBXBuildFile; fileRef = 13AFE8EB263CDF5400BA30DD /* OnePice.xcdatamodeld */; };
		13AFE8EF263CDF5600BA30DD /* Assets.xcassets in Resources */ = {isa = PBXBuildFile; fileRef = 13AFE8EE263CDF5600BA30DD /* Assets.xcassets */; };
		13AFE8F2263CDF5600BA30DD /* Preview Assets.xcassets in Resources */ = {isa = PBXBuildFile; fileRef = 13AFE8F1263CDF5600BA30DD /* Preview Assets.xcassets */; };
		13AFE8F5263CDF5600BA30DD /* LaunchScreen.storyboard in Resources */ = {isa = PBXBuildFile; fileRef = 13AFE8F3263CDF5600BA30DD /* LaunchScreen.storyboard */; };
		13AFE900263CDF5700BA30DD /* OnePiceTests.swift in Sources */ = {isa = PBXBuildFile; fileRef = 13AFE8FF263CDF5700BA30DD /* OnePiceTests.swift */; };
		13AFE90B263CDF5700BA30DD /* OnePiceUITests.swift in Sources */ = {isa = PBXBuildFile; fileRef = 13AFE90A263CDF5700BA30DD /* OnePiceUITests.swift */; };
		13AFE91C263CE1C400BA30DD /* DevilFruit.swift in Sources */ = {isa = PBXBuildFile; fileRef = 13AFE91B263CE1C400BA30DD /* DevilFruit.swift */; };
		13AFE921263CE95E00BA30DD /* DetailDevilFruitView.swift in Sources */ = {isa = PBXBuildFile; fileRef = 13AFE920263CE95E00BA30DD /* DetailDevilFruitView.swift */; };
/* End PBXBuildFile section */

/* Begin PBXContainerItemProxy section */
		13AFE8FC263CDF5700BA30DD /* PBXContainerItemProxy */ = {
			isa = PBXContainerItemProxy;
			containerPortal = 13AFE8DA263CDF5400BA30DD /* Project object */;
			proxyType = 1;
			remoteGlobalIDString = 13AFE8E1263CDF5400BA30DD;
			remoteInfo = OnePice;
		};
		13AFE907263CDF5700BA30DD /* PBXContainerItemProxy */ = {
			isa = PBXContainerItemProxy;
			containerPortal = 13AFE8DA263CDF5400BA30DD /* Project object */;
			proxyType = 1;
			remoteGlobalIDString = 13AFE8E1263CDF5400BA30DD;
			remoteInfo = OnePice;
		};
/* End PBXContainerItemProxy section */

/* Begin PBXFileReference section */
		13AFE8E2263CDF5400BA30DD /* OnePice.app */ = {isa = PBXFileReference; explicitFileType = wrapper.application; includeInIndex = 0; path = OnePice.app; sourceTree = BUILT_PRODUCTS_DIR; };
		13AFE8E5263CDF5400BA30DD /* AppDelegate.swift */ = {isa = PBXFileReference; lastKnownFileType = sourcecode.swift; path = AppDelegate.swift; sourceTree = "<group>"; };
		13AFE8E7263CDF5400BA30DD /* SceneDelegate.swift */ = {isa = PBXFileReference; lastKnownFileType = sourcecode.swift; path = SceneDelegate.swift; sourceTree = "<group>"; };
		13AFE8E9263CDF5400BA30DD /* ContentView.swift */ = {isa = PBXFileReference; lastKnownFileType = sourcecode.swift; path = ContentView.swift; sourceTree = "<group>"; };
		13AFE8EC263CDF5400BA30DD /* OnePice.xcdatamodel */ = {isa = PBXFileReference; lastKnownFileType = wrapper.xcdatamodel; path = OnePice.xcdatamodel; sourceTree = "<group>"; };
		13AFE8EE263CDF5600BA30DD /* Assets.xcassets */ = {isa = PBXFileReference; lastKnownFileType = folder.assetcatalog; path = Assets.xcassets; sourceTree = "<group>"; };
		13AFE8F1263CDF5600BA30DD /* Preview Assets.xcassets */ = {isa = PBXFileReference; lastKnownFileType = folder.assetcatalog; path = "Preview Assets.xcassets"; sourceTree = "<group>"; };
		13AFE8F4263CDF5600BA30DD /* Base */ = {isa = PBXFileReference; lastKnownFileType = file.storyboard; name = Base; path = Base.lproj/LaunchScreen.storyboard; sourceTree = "<group>"; };
		13AFE8F6263CDF5600BA30DD /* Info.plist */ = {isa = PBXFileReference; lastKnownFileType = text.plist.xml; path = Info.plist; sourceTree = "<group>"; };
		13AFE8FB263CDF5700BA30DD /* OnePiceTests.xctest */ = {isa = PBXFileReference; explicitFileType = wrapper.cfbundle; includeInIndex = 0; path = OnePiceTests.xctest; sourceTree = BUILT_PRODUCTS_DIR; };
		13AFE8FF263CDF5700BA30DD /* OnePiceTests.swift */ = {isa = PBXFileReference; lastKnownFileType = sourcecode.swift; path = OnePiceTests.swift; sourceTree = "<group>"; };
		13AFE901263CDF5700BA30DD /* Info.plist */ = {isa = PBXFileReference; lastKnownFileType = text.plist.xml; path = Info.plist; sourceTree = "<group>"; };
		13AFE906263CDF5700BA30DD /* OnePiceUITests.xctest */ = {isa = PBXFileReference; explicitFileType = wrapper.cfbundle; includeInIndex = 0; path = OnePiceUITests.xctest; sourceTree = BUILT_PRODUCTS_DIR; };
		13AFE90A263CDF5700BA30DD /* OnePiceUITests.swift */ = {isa = PBXFileReference; lastKnownFileType = sourcecode.swift; path = OnePiceUITests.swift; sourceTree = "<group>"; };
		13AFE90C263CDF5700BA30DD /* Info.plist */ = {isa = PBXFileReference; lastKnownFileType = text.plist.xml; path = Info.plist; sourceTree = "<group>"; };
		13AFE91B263CE1C400BA30DD /* DevilFruit.swift */ = {isa = PBXFileReference; lastKnownFileType = sourcecode.swift; path = DevilFruit.swift; sourceTree = "<group>"; };
		13AFE920263CE95E00BA30DD /* DetailDevilFruitView.swift */ = {isa = PBXFileReference; lastKnownFileType = sourcecode.swift; path = DetailDevilFruitView.swift; sourceTree = "<group>"; };
/* End PBXFileReference section */

/* Begin PBXFrameworksBuildPhase section */
		13AFE8DF263CDF5400BA30DD /* Frameworks */ = {
			isa = PBXFrameworksBuildPhase;
			buildActionMask = 2147483647;
			files = (
			);
			runOnlyForDeploymentPostprocessing = 0;
		};
		13AFE8F8263CDF5700BA30DD /* Frameworks */ = {
			isa = PBXFrameworksBuildPhase;
			buildActionMask = 2147483647;
			files = (
			);
			runOnlyForDeploymentPostprocessing = 0;
		};
		13AFE903263CDF5700BA30DD /* Frameworks */ = {
			isa = PBXFrameworksBuildPhase;
			buildActionMask = 2147483647;
			files = (
			);
			runOnlyForDeploymentPostprocessing = 0;
		};
/* End PBXFrameworksBuildPhase section */

/* Begin PBXGroup section */
		13AFE8D9263CDF5400BA30DD = {
			isa = PBXGroup;
			children = (
				13AFE8E4263CDF5400BA30DD /* OnePice */,
				13AFE8FE263CDF5700BA30DD /* OnePiceTests */,
				13AFE909263CDF5700BA30DD /* OnePiceUITests */,
				13AFE8E3263CDF5400BA30DD /* Products */,
			);
			sourceTree = "<group>";
		};
		13AFE8E3263CDF5400BA30DD /* Products */ = {
			isa = PBXGroup;
			children = (
				13AFE8E2263CDF5400BA30DD /* OnePice.app */,
				13AFE8FB263CDF5700BA30DD /* OnePiceTests.xctest */,
				13AFE906263CDF5700BA30DD /* OnePiceUITests.xctest */,
			);
			name = Products;
			sourceTree = "<group>";
		};
		13AFE8E4263CDF5400BA30DD /* OnePice */ = {
			isa = PBXGroup;
			children = (
				13AFE8E5263CDF5400BA30DD /* AppDelegate.swift */,
				13AFE8E7263CDF5400BA30DD /* SceneDelegate.swift */,
				13AFE8E9263CDF5400BA30DD /* ContentView.swift */,
				13AFE8EE263CDF5600BA30DD /* Assets.xcassets */,
				13AFE8F3263CDF5600BA30DD /* LaunchScreen.storyboard */,
				13AFE8F6263CDF5600BA30DD /* Info.plist */,
				13AFE8EB263CDF5400BA30DD /* OnePice.xcdatamodeld */,
				13AFE8F0263CDF5600BA30DD /* Preview Content */,
				13AFE91B263CE1C400BA30DD /* DevilFruit.swift */,
				13AFE920263CE95E00BA30DD /* DetailDevilFruitView.swift */,
			);
			path = OnePice;
			sourceTree = "<group>";
		};
		13AFE8F0263CDF5600BA30DD /* Preview Content */ = {
			isa = PBXGroup;
			children = (
				13AFE8F1263CDF5600BA30DD /* Preview Assets.xcassets */,
			);
			path = "Preview Content";
			sourceTree = "<group>";
		};
		13AFE8FE263CDF5700BA30DD /* OnePiceTests */ = {
			isa = PBXGroup;
			children = (
				13AFE8FF263CDF5700BA30DD /* OnePiceTests.swift */,
				13AFE901263CDF5700BA30DD /* Info.plist */,
			);
			path = OnePiceTests;
			sourceTree = "<group>";
		};
		13AFE909263CDF5700BA30DD /* OnePiceUITests */ = {
			isa = PBXGroup;
			children = (
				13AFE90A263CDF5700BA30DD /* OnePiceUITests.swift */,
				13AFE90C263CDF5700BA30DD /* Info.plist */,
			);
			path = OnePiceUITests;
			sourceTree = "<group>";
		};
/* End PBXGroup section */

/* Begin PBXNativeTarget section */
		13AFE8E1263CDF5400BA30DD /* OnePice */ = {
			isa = PBXNativeTarget;
			buildConfigurationList = 13AFE90F263CDF5700BA30DD /* Build configuration list for PBXNativeTarget "OnePice" */;
			buildPhases = (
				13AFE8DE263CDF5400BA30DD /* Sources */,
				13AFE8DF263CDF5400BA30DD /* Frameworks */,
				13AFE8E0263CDF5400BA30DD /* Resources */,
			);
			buildRules = (
			);
			dependencies = (
			);
			name = OnePice;
			productName = OnePice;
			productReference = 13AFE8E2263CDF5400BA30DD /* OnePice.app */;
			productType = "com.apple.product-type.application";
		};
		13AFE8FA263CDF5700BA30DD /* OnePiceTests */ = {
			isa = PBXNativeTarget;
			buildConfigurationList = 13AFE912263CDF5700BA30DD /* Build configuration list for PBXNativeTarget "OnePiceTests" */;
			buildPhases = (
				13AFE8F7263CDF5700BA30DD /* Sources */,
				13AFE8F8263CDF5700BA30DD /* Frameworks */,
				13AFE8F9263CDF5700BA30DD /* Resources */,
			);
			buildRules = (
			);
			dependencies = (
				13AFE8FD263CDF5700BA30DD /* PBXTargetDependency */,
			);
			name = OnePiceTests;
			productName = OnePiceTests;
			productReference = 13AFE8FB263CDF5700BA30DD /* OnePiceTests.xctest */;
			productType = "com.apple.product-type.bundle.unit-test";
		};
		13AFE905263CDF5700BA30DD /* OnePiceUITests */ = {
			isa = PBXNativeTarget;
			buildConfigurationList = 13AFE915263CDF5700BA30DD /* Build configuration list for PBXNativeTarget "OnePiceUITests" */;
			buildPhases = (
				13AFE902263CDF5700BA30DD /* Sources */,
				13AFE903263CDF5700BA30DD /* Frameworks */,
				13AFE904263CDF5700BA30DD /* Resources */,
			);
			buildRules = (
			);
			dependencies = (
				13AFE908263CDF5700BA30DD /* PBXTargetDependency */,
			);
			name = OnePiceUITests;
			productName = OnePiceUITests;
			productReference = 13AFE906263CDF5700BA30DD /* OnePiceUITests.xctest */;
			productType = "com.apple.product-type.bundle.ui-testing";
		};
/* End PBXNativeTarget section */

/* Begin PBXProject section */
		13AFE8DA263CDF5400BA30DD /* Project object */ = {
			isa = PBXProject;
			attributes = {
				LastSwiftUpdateCheck = 1240;
				LastUpgradeCheck = 1240;
				TargetAttributes = {
					13AFE8E1263CDF5400BA30DD = {
						CreatedOnToolsVersion = 12.4;
					};
					13AFE8FA263CDF5700BA30DD = {
						CreatedOnToolsVersion = 12.4;
						TestTargetID = 13AFE8E1263CDF5400BA30DD;
					};
					13AFE905263CDF5700BA30DD = {
						CreatedOnToolsVersion = 12.4;
						TestTargetID = 13AFE8E1263CDF5400BA30DD;
					};
				};
			};
			buildConfigurationList = 13AFE8DD263CDF5400BA30DD /* Build configuration list for PBXProject "OnePice" */;
			compatibilityVersion = "Xcode 9.3";
			developmentRegion = en;
			hasScannedForEncodings = 0;
			knownRegions = (
				en,
				Base,
			);
			mainGroup = 13AFE8D9263CDF5400BA30DD;
			productRefGroup = 13AFE8E3263CDF5400BA30DD /* Products */;
			projectDirPath = "";
			projectRoot = "";
			targets = (
				13AFE8E1263CDF5400BA30DD /* OnePice */,
				13AFE8FA263CDF5700BA30DD /* OnePiceTests */,
				13AFE905263CDF5700BA30DD /* OnePiceUITests */,
			);
		};
/* End PBXProject section */

/* Begin PBXResourcesBuildPhase section */
		13AFE8E0263CDF5400BA30DD /* Resources */ = {
			isa = PBXResourcesBuildPhase;
			buildActionMask = 2147483647;
			files = (
				13AFE8F5263CDF5600BA30DD /* LaunchScreen.storyboard in Resources */,
				13AFE8F2263CDF5600BA30DD /* Preview Assets.xcassets in Resources */,
				13AFE8EF263CDF5600BA30DD /* Assets.xcassets in Resources */,
			);
			runOnlyForDeploymentPostprocessing = 0;
		};
		13AFE8F9263CDF5700BA30DD /* Resources */ = {
			isa = PBXResourcesBuildPhase;
			buildActionMask = 2147483647;
			files = (
			);
			runOnlyForDeploymentPostprocessing = 0;
		};
		13AFE904263CDF5700BA30DD /* Resources */ = {
			isa = PBXResourcesBuildPhase;
			buildActionMask = 2147483647;
			files = (
			);
			runOnlyForDeploymentPostprocessing = 0;
		};
/* End PBXResourcesBuildPhase section */

/* Begin PBXSourcesBuildPhase section */
		13AFE8DE263CDF5400BA30DD /* Sources */ = {
			isa = PBXSourcesBuildPhase;
			buildActionMask = 2147483647;
			files = (
				13AFE8E6263CDF5400BA30DD /* AppDelegate.swift in Sources */,
				13AFE8E8263CDF5400BA30DD /* SceneDelegate.swift in Sources */,
				13AFE921263CE95E00BA30DD /* DetailDevilFruitView.swift in Sources */,
				13AFE91C263CE1C400BA30DD /* DevilFruit.swift in Sources */,
				13AFE8EA263CDF5400BA30DD /* ContentView.swift in Sources */,
				13AFE8ED263CDF5400BA30DD /* OnePice.xcdatamodeld in Sources */,
			);
			runOnlyForDeploymentPostprocessing = 0;
		};
		13AFE8F7263CDF5700BA30DD /* Sources */ = {
			isa = PBXSourcesBuildPhase;
			buildActionMask = 2147483647;
			files = (
				13AFE900263CDF5700BA30DD /* OnePiceTests.swift in Sources */,
			);
			runOnlyForDeploymentPostprocessing = 0;
		};
		13AFE902263CDF5700BA30DD /* Sources */ = {
			isa = PBXSourcesBuildPhase;
			buildActionMask = 2147483647;
			files = (
				13AFE90B263CDF5700BA30DD /* OnePiceUITests.swift in Sources */,
			);
			runOnlyForDeploymentPostprocessing = 0;
		};
/* End PBXSourcesBuildPhase section */

/* Begin PBXTargetDependency section */
		13AFE8FD263CDF5700BA30DD /* PBXTargetDependency */ = {
			isa = PBXTargetDependency;
			target = 13AFE8E1263CDF5400BA30DD /* OnePice */;
			targetProxy = 13AFE8FC263CDF5700BA30DD /* PBXContainerItemProxy */;
		};
		13AFE908263CDF5700BA30DD /* PBXTargetDependency */ = {
			isa = PBXTargetDependency;
			target = 13AFE8E1263CDF5400BA30DD /* OnePice */;
			targetProxy = 13AFE907263CDF5700BA30DD /* PBXContainerItemProxy */;
		};
/* End PBXTargetDependency section */

/* Begin PBXVariantGroup section */
		13AFE8F3263CDF5600BA30DD /* LaunchScreen.storyboard */ = {
			isa = PBXVariantGroup;
			children = (
				13AFE8F4263CDF5600BA30DD /* Base */,
			);
			name = LaunchScreen.storyboard;
			sourceTree = "<group>";
		};
/* End PBXVariantGroup section */

/* Begin XCBuildConfiguration section */
		13AFE90D263CDF5700BA30DD /* Debug */ = {
			isa = XCBuildConfiguration;
			buildSettings = {
				ALWAYS_SEARCH_USER_PATHS = NO;
				CLANG_ANALYZER_NONNULL = YES;
				CLANG_ANALYZER_NUMBER_OBJECT_CONVERSION = YES_AGGRESSIVE;
				CLANG_CXX_LANGUAGE_STANDARD = "gnu++14";
				CLANG_CXX_LIBRARY = "libc++";
				CLANG_ENABLE_MODULES = YES;
				CLANG_ENABLE_OBJC_ARC = YES;
				CLANG_ENABLE_OBJC_WEAK = YES;
				CLANG_WARN_BLOCK_CAPTURE_AUTORELEASING = YES;
				CLANG_WARN_BOOL_CONVERSION = YES;
				CLANG_WARN_COMMA = YES;
				CLANG_WARN_CONSTANT_CONVERSION = YES;
				CLANG_WARN_DEPRECATED_OBJC_IMPLEMENTATIONS = YES;
				CLANG_WARN_DIRECT_OBJC_ISA_USAGE = YES_ERROR;
				CLANG_WARN_DOCUMENTATION_COMMENTS = YES;
				CLANG_WARN_EMPTY_BODY = YES;
				CLANG_WARN_ENUM_CONVERSION = YES;
				CLANG_WARN_INFINITE_RECURSION = YES;
				CLANG_WARN_INT_CONVERSION = YES;
				CLANG_WARN_NON_LITERAL_NULL_CONVERSION = YES;
				CLANG_WARN_OBJC_IMPLICIT_RETAIN_SELF = YES;
				CLANG_WARN_OBJC_LITERAL_CONVERSION = YES;
				CLANG_WARN_OBJC_ROOT_CLASS = YES_ERROR;
				CLANG_WARN_QUOTED_INCLUDE_IN_FRAMEWORK_HEADER = YES;
				CLANG_WARN_RANGE_LOOP_ANALYSIS = YES;
				CLANG_WARN_STRICT_PROTOTYPES = YES;
				CLANG_WARN_SUSPICIOUS_MOVE = YES;
				CLANG_WARN_UNGUARDED_AVAILABILITY = YES_AGGRESSIVE;
				CLANG_WARN_UNREACHABLE_CODE = YES;
				CLANG_WARN__DUPLICATE_METHOD_MATCH = YES;
				COPY_PHASE_STRIP = NO;
				DEBUG_INFORMATION_FORMAT = dwarf;
				ENABLE_STRICT_OBJC_MSGSEND = YES;
				ENABLE_TESTABILITY = YES;
				GCC_C_LANGUAGE_STANDARD = gnu11;
				GCC_DYNAMIC_NO_PIC = NO;
				GCC_NO_COMMON_BLOCKS = YES;
				GCC_OPTIMIZATION_LEVEL = 0;
				GCC_PREPROCESSOR_DEFINITIONS = (
					"DEBUG=1",
					"$(inherited)",
				);
				GCC_WARN_64_TO_32_BIT_CONVERSION = YES;
				GCC_WARN_ABOUT_RETURN_TYPE = YES_ERROR;
				GCC_WARN_UNDECLARED_SELECTOR = YES;
				GCC_WARN_UNINITIALIZED_AUTOS = YES_AGGRESSIVE;
				GCC_WARN_UNUSED_FUNCTION = YES;
				GCC_WARN_UNUSED_VARIABLE = YES;
				IPHONEOS_DEPLOYMENT_TARGET = 14.4;
				MTL_ENABLE_DEBUG_INFO = INCLUDE_SOURCE;
				MTL_FAST_MATH = YES;
				ONLY_ACTIVE_ARCH = YES;
				SDKROOT = iphoneos;
				SWIFT_ACTIVE_COMPILATION_CONDITIONS = DEBUG;
				SWIFT_OPTIMIZATION_LEVEL = "-Onone";
			};
			name = Debug;
		};
		13AFE90E263CDF5700BA30DD /* Release */ = {
			isa = XCBuildConfiguration;
			buildSettings = {
				ALWAYS_SEARCH_USER_PATHS = NO;
				CLANG_ANALYZER_NONNULL = YES;
				CLANG_ANALYZER_NUMBER_OBJECT_CONVERSION = YES_AGGRESSIVE;
				CLANG_CXX_LANGUAGE_STANDARD = "gnu++14";
				CLANG_CXX_LIBRARY = "libc++";
				CLANG_ENABLE_MODULES = YES;
				CLANG_ENABLE_OBJC_ARC = YES;
				CLANG_ENABLE_OBJC_WEAK = YES;
				CLANG_WARN_BLOCK_CAPTURE_AUTORELEASING = YES;
				CLANG_WARN_BOOL_CONVERSION = YES;
				CLANG_WARN_COMMA = YES;
				CLANG_WARN_CONSTANT_CONVERSION = YES;
				CLANG_WARN_DEPRECATED_OBJC_IMPLEMENTATIONS = YES;
				CLANG_WARN_DIRECT_OBJC_ISA_USAGE = YES_ERROR;
				CLANG_WARN_DOCUMENTATION_COMMENTS = YES;
				CLANG_WARN_EMPTY_BODY = YES;
				CLANG_WARN_ENUM_CONVERSION = YES;
				CLANG_WARN_INFINITE_RECURSION = YES;
				CLANG_WARN_INT_CONVERSION = YES;
				CLANG_WARN_NON_LITERAL_NULL_CONVERSION = YES;
				CLANG_WARN_OBJC_IMPLICIT_RETAIN_SELF = YES;
				CLANG_WARN_OBJC_LITERAL_CONVERSION = YES;
				CLANG_WARN_OBJC_ROOT_CLASS = YES_ERROR;
				CLANG_WARN_QUOTED_INCLUDE_IN_FRAMEWORK_HEADER = YES;
				CLANG_WARN_RANGE_LOOP_ANALYSIS = YES;
				CLANG_WARN_STRICT_PROTOTYPES = YES;
				CLANG_WARN_SUSPICIOUS_MOVE = YES;
				CLANG_WARN_UNGUARDED_AVAILABILITY = YES_AGGRESSIVE;
				CLANG_WARN_UNREACHABLE_CODE = YES;
				CLANG_WARN__DUPLICATE_METHOD_MATCH = YES;
				COPY_PHASE_STRIP = NO;
				DEBUG_INFORMATION_FORMAT = "dwarf-with-dsym";
				ENABLE_NS_ASSERTIONS = NO;
				ENABLE_STRICT_OBJC_MSGSEND = YES;
				GCC_C_LANGUAGE_STANDARD = gnu11;
				GCC_NO_COMMON_BLOCKS = YES;
				GCC_WARN_64_TO_32_BIT_CONVERSION = YES;
				GCC_WARN_ABOUT_RETURN_TYPE = YES_ERROR;
				GCC_WARN_UNDECLARED_SELECTOR = YES;
				GCC_WARN_UNINITIALIZED_AUTOS = YES_AGGRESSIVE;
				GCC_WARN_UNUSED_FUNCTION = YES;
				GCC_WARN_UNUSED_VARIABLE = YES;
				IPHONEOS_DEPLOYMENT_TARGET = 14.4;
				MTL_ENABLE_DEBUG_INFO = NO;
				MTL_FAST_MATH = YES;
				SDKROOT = iphoneos;
				SWIFT_COMPILATION_MODE = wholemodule;
				SWIFT_OPTIMIZATION_LEVEL = "-O";
				VALIDATE_PRODUCT = YES;
			};
			name = Release;
		};
		13AFE910263CDF5700BA30DD /* Debug */ = {
			isa = XCBuildConfiguration;
			buildSettings = {
				ASSETCATALOG_COMPILER_APPICON_NAME = AppIcon;
				ASSETCATALOG_COMPILER_GLOBAL_ACCENT_COLOR_NAME = AccentColor;
				CODE_SIGN_STYLE = Automatic;
				DEVELOPMENT_ASSET_PATHS = "\"OnePice/Preview Content\"";
				DEVELOPMENT_TEAM = D2Q8VQ7WJZ;
				ENABLE_PREVIEWS = YES;
				INFOPLIST_FILE = OnePice/Info.plist;
				LD_RUNPATH_SEARCH_PATHS = (
					"$(inherited)",
					"@executable_path/Frameworks",
				);
				PRODUCT_BUNDLE_IDENTIFIER = com.than.duc.huy.OnePice;
				PRODUCT_NAME = "$(TARGET_NAME)";
				SWIFT_VERSION = 5.0;
				TARGETED_DEVICE_FAMILY = "1,2";
			};
			name = Debug;
		};
		13AFE911263CDF5700BA30DD /* Release */ = {
			isa = XCBuildConfiguration;
			buildSettings = {
				ASSETCATALOG_COMPILER_APPICON_NAME = AppIcon;
				ASSETCATALOG_COMPILER_GLOBAL_ACCENT_COLOR_NAME = AccentColor;
				CODE_SIGN_STYLE = Automatic;
				DEVELOPMENT_ASSET_PATHS = "\"OnePice/Preview Content\"";
				DEVELOPMENT_TEAM = D2Q8VQ7WJZ;
				ENABLE_PREVIEWS = YES;
				INFOPLIST_FILE = OnePice/Info.plist;
				LD_RUNPATH_SEARCH_PATHS = (
					"$(inherited)",
					"@executable_path/Frameworks",
				);
				PRODUCT_BUNDLE_IDENTIFIER = com.than.duc.huy.OnePice;
				PRODUCT_NAME = "$(TARGET_NAME)";
				SWIFT_VERSION = 5.0;
				TARGETED_DEVICE_FAMILY = "1,2";
			};
			name = Release;
		};
		13AFE913263CDF5700BA30DD /* Debug */ = {
			isa = XCBuildConfiguration;
			buildSettings = {
				ALWAYS_EMBED_SWIFT_STANDARD_LIBRARIES = YES;
				BUNDLE_LOADER = "$(TEST_HOST)";
				CODE_SIGN_STYLE = Automatic;
				DEVELOPMENT_TEAM = D2Q8VQ7WJZ;
				INFOPLIST_FILE = OnePiceTests/Info.plist;
				IPHONEOS_DEPLOYMENT_TARGET = 14.4;
				LD_RUNPATH_SEARCH_PATHS = (
					"$(inherited)",
					"@executable_path/Frameworks",
					"@loader_path/Frameworks",
				);
				PRODUCT_BUNDLE_IDENTIFIER = com.than.duc.huy.OnePiceTests;
				PRODUCT_NAME = "$(TARGET_NAME)";
				SWIFT_VERSION = 5.0;
				TARGETED_DEVICE_FAMILY = "1,2";
				TEST_HOST = "$(BUILT_PRODUCTS_DIR)/OnePice.app/OnePice";
			};
			name = Debug;
		};
		13AFE914263CDF5700BA30DD /* Release */ = {
			isa = XCBuildConfiguration;
			buildSettings = {
				ALWAYS_EMBED_SWIFT_STANDARD_LIBRARIES = YES;
				BUNDLE_LOADER = "$(TEST_HOST)";
				CODE_SIGN_STYLE = Automatic;
				DEVELOPMENT_TEAM = D2Q8VQ7WJZ;
				INFOPLIST_FILE = OnePiceTests/Info.plist;
				IPHONEOS_DEPLOYMENT_TARGET = 14.4;
				LD_RUNPATH_SEARCH_PATHS = (
					"$(inherited)",
					"@executable_path/Frameworks",
					"@loader_path/Frameworks",
				);
				PRODUCT_BUNDLE_IDENTIFIER = com.than.duc.huy.OnePiceTests;
				PRODUCT_NAME = "$(TARGET_NAME)";
				SWIFT_VERSION = 5.0;
				TARGETED_DEVICE_FAMILY = "1,2";
				TEST_HOST = "$(BUILT_PRODUCTS_DIR)/OnePice.app/OnePice";
			};
			name = Release;
		};
		13AFE916263CDF5700BA30DD /* Debug */ = {
			isa = XCBuildConfiguration;
			buildSettings = {
				ALWAYS_EMBED_SWIFT_STANDARD_LIBRARIES = YES;
				CODE_SIGN_STYLE = Automatic;
				DEVELOPMENT_TEAM = D2Q8VQ7WJZ;
				INFOPLIST_FILE = OnePiceUITests/Info.plist;
				LD_RUNPATH_SEARCH_PATHS = (
					"$(inherited)",
					"@executable_path/Frameworks",
					"@loader_path/Frameworks",
				);
				PRODUCT_BUNDLE_IDENTIFIER = com.than.duc.huy.OnePiceUITests;
				PRODUCT_NAME = "$(TARGET_NAME)";
				SWIFT_VERSION = 5.0;
				TARGETED_DEVICE_FAMILY = "1,2";
				TEST_TARGET_NAME = OnePice;
			};
			name = Debug;
		};
		13AFE917263CDF5700BA30DD /* Release */ = {
			isa = XCBuildConfiguration;
			buildSettings = {
				ALWAYS_EMBED_SWIFT_STANDARD_LIBRARIES = YES;
				CODE_SIGN_STYLE = Automatic;
				DEVELOPMENT_TEAM = D2Q8VQ7WJZ;
				INFOPLIST_FILE = OnePiceUITests/Info.plist;
				LD_RUNPATH_SEARCH_PATHS = (
					"$(inherited)",
					"@executable_path/Frameworks",
					"@loader_path/Frameworks",
				);
				PRODUCT_BUNDLE_IDENTIFIER = com.than.duc.huy.OnePiceUITests;
				PRODUCT_NAME = "$(TARGET_NAME)";
				SWIFT_VERSION = 5.0;
				TARGETED_DEVICE_FAMILY = "1,2";
				TEST_TARGET_NAME = OnePice;
			};
			name = Release;
		};
/* End XCBuildConfiguration section */

/* Begin XCConfigurationList section */
		13AFE8DD263CDF5400BA30DD /* Build configuration list for PBXProject "OnePice" */ = {
			isa = XCConfigurationList;
			buildConfigurations = (
				13AFE90D263CDF5700BA30DD /* Debug */,
				13AFE90E263CDF5700BA30DD /* Release */,
			);
			defaultConfigurationIsVisible = 0;
			defaultConfigurationName = Release;
		};
		13AFE90F263CDF5700BA30DD /* Build configuration list for PBXNativeTarget "OnePice" */ = {
			isa = XCConfigurationList;
			buildConfigurations = (
				13AFE910263CDF5700BA30DD /* Debug */,
				13AFE911263CDF5700BA30DD /* Release */,
			);
			defaultConfigurationIsVisible = 0;
			defaultConfigurationName = Release;
		};
		13AFE912263CDF5700BA30DD /* Build configuration list for PBXNativeTarget "OnePiceTests" */ = {
			isa = XCConfigurationList;
			buildConfigurations = (
				13AFE913263CDF5700BA30DD /* Debug */,
				13AFE914263CDF5700BA30DD /* Release */,
			);
			defaultConfigurationIsVisible = 0;
			defaultConfigurationName = Release;
		};
		13AFE915263CDF5700BA30DD /* Build configuration list for PBXNativeTarget "OnePiceUITests" */ = {
			isa = XCConfigurationList;
			buildConfigurations = (
				13AFE916263CDF5700BA30DD /* Debug */,
				13AFE917263CDF5700BA30DD /* Release */,
			);
			defaultConfigurationIsVisible = 0;
			defaultConfigurationName = Release;
		};
/* End XCConfigurationList section */

/* Begin XCVersionGroup section */
		13AFE8EB263CDF5400BA30DD /* OnePice.xcdatamodeld */ = {
			isa = XCVersionGroup;
			children = (
				13AFE8EC263CDF5400BA30DD /* OnePice.xcdatamodel */,
			);
			currentVersion = 13AFE8EC263CDF5400BA30DD /* OnePice.xcdatamodel */;
			path = OnePice.xcdatamodeld;
			sourceTree = "<group>";
			versionGroupType = wrapper.xcdatamodel;
		};
/* End XCVersionGroup section */
	};
	rootObject = 13AFE8DA263CDF5400BA30DD /* Project object */;
}
